{
  "object": {
    "pins": [
      {
        "package": "LocalizationManager",
        "repositoryURL": "https://github.com/nodes-ios/TranslationManager",
        "state": {
          "branch": "bugfix/do-not-use-persisted-when-update-never",
          "revision": "d5788312678437ee87e59f00cc46e3e7175c7aa1",
          "version": null
        }
      }
    ]
  },
  "version": 1
}
