{
  "object": {
    "pins": [
      {
        "package": "LocalizationManager",
        "repositoryURL": "https://github.com/nstack-io/localization-manager.git",
        "state": {
          "branch": null,
          "revision": "917de7fbe7ebe58862add784a67916bc98a79356",
          "version": "3.1.5"
        }
      }
    ]
  },
  "version": 1
}
