PODS:
  - Nimble (8.0.2)
  - Quick (2.1.0)
  - SwiftLint (0.33.0)

DEPENDENCIES:
  - Nimble
  - Quick
  - SwiftLint

SPEC REPOS:
  https://github.com/cocoapods/specs.git:
    - Nimble
    - Quick
    - SwiftLint

SPEC CHECKSUMS:
  Nimble: 622629381bda1dd5678162f21f1368cec7cbba60
  Quick: 4be43f6634acfa727dd106bdf3929ce125ffa79d
  SwiftLint: fed9c66336e41fc74dc48a73678380718f0c8b0e

PODFILE CHECKSUM: bc541b43d09015faf742f2a9d2bad10b6469a4b7

COCOAPODS: 1.7.0
