PODS:
  - Nimble (8.0.4)
  - Quick (2.2.0)
  - SwiftLint (0.36.0)

DEPENDENCIES:
  - Nimble
  - Quick
  - SwiftLint

SPEC REPOS:
  trunk:
    - Nimble
    - Quick
    - SwiftLint

SPEC CHECKSUMS:
  Nimble: 18d5360282923225d62b09d781f63abc1a0111fc
  Quick: 7fb19e13be07b5dfb3b90d4f9824c855a11af40e
  SwiftLint: fc9859e4e1752340664851f667bb1898b9c90114

PODFILE CHECKSUM: bc541b43d09015faf742f2a9d2bad10b6469a4b7

COCOAPODS: 1.8.4
